# @generated by Move, please check-in and do not edit manually.

[move]
version = 3
manifest_digest = "D36884993ED8226FE194C8341E852FDF154B72F53ECB1BDE5A33F0B51E498444"
deps_digest = "F8BBB0CCB2491CA29A3DF03D6F92277A4F3574266507ACD77214D37ECA3F3082"
dependencies = [
  { id = "Sui", name = "Sui" },
]

[[move.package]]
id = "MoveStdlib"
source = { git = "https://github.com/MystenLabs/sui.git", rev = "framework/testnet", subdir = "crates/sui-framework/packages/move-stdlib" }

[[move.package]]
id = "Sui"
source = { git = "https://github.com/MystenLabs/sui.git", rev = "framework/testnet", subdir = "crates/sui-framework/packages/sui-framework" }

dependencies = [
  { id = "MoveStdlib", name = "MoveStdlib" },
]

[move.toolchain-version]
compiler-version = "1.48.1"
edition = "2024.beta"
flavor = "sui"

[env]

[env.testnet]
chain-id = "4c78adac"
original-published-id = "0xd7df22e3d7986fc67ad49b4d2f538849e42c7b40734f5cf3209842c24a850c76"
latest-published-id = "0xd7df22e3d7986fc67ad49b4d2f538849e42c7b40734f5cf3209842c24a850c76"
published-version = "1"
